
Microsoft Visual Studio Solution File, Format Version 12.00
# Visual Studio Version 17
VisualStudioVersion = 17.2.32630.192
MinimumVisualStudioVersion = 10.0.40219.1
Project("{FAE04EC0-301F-11D3-BF4B-00C04F79EFBC}") = "CarDealership", "CarDealership\CarDealership.csproj", "{D16ABADF-02B1-4245-A082-897890806C00}"
EndProject
Project("{FAE04EC0-301F-11D3-BF4B-00C04F79EFBC}") = "CarDealership.Repository", "CarDealership.Repository\CarDealership.Repository.csproj", "{288DADE2-96A6-4D3B-AD6A-D74E32416318}"
EndProject
Global
	GlobalSection(SolutionConfigurationPlatforms) = preSolution
		Debug|Any CPU = Debug|Any CPU
		Release|Any CPU = Release|Any CPU
	EndGlobalSection
	GlobalSection(ProjectConfigurationPlatforms) = postSolution
		{D16ABADF-02B1-4245-A082-897890806C00}.Debug|Any CPU.ActiveCfg = Debug|Any CPU
		{D16ABADF-02B1-4245-A082-897890806C00}.Debug|Any CPU.Build.0 = Debug|Any CPU
		{D16ABADF-02B1-4245-A082-897890806C00}.Release|Any CPU.ActiveCfg = Release|Any CPU
		{D16ABADF-02B1-4245-A082-897890806C00}.Release|Any CPU.Build.0 = Release|Any CPU
		{288DADE2-96A6-4D3B-AD6A-D74E32416318}.Debug|Any CPU.ActiveCfg = Debug|Any CPU
		{288DADE2-96A6-4D3B-AD6A-D74E32416318}.Debug|Any CPU.Build.0 = Debug|Any CPU
		{288DADE2-96A6-4D3B-AD6A-D74E32416318}.Release|Any CPU.ActiveCfg = Release|Any CPU
		{288DADE2-96A6-4D3B-AD6A-D74E32416318}.Release|Any CPU.Build.0 = Release|Any CPU
	EndGlobalSection
	GlobalSection(SolutionProperties) = preSolution
		HideSolutionNode = FALSE
	EndGlobalSection
	GlobalSection(ExtensibilityGlobals) = postSolution
		SolutionGuid = {40FBF0CD-5363-48FF-80A6-495EA1922190}
	EndGlobalSection
EndGlobal
